
Microsoft Visual Studio Solution File, Format Version 12.00
# Visual Studio Version 16
VisualStudioVersion = 16.0.31624.102
MinimumVisualStudioVersion = 10.0.40219.1
Project("{FAE04EC0-301F-11D3-BF4B-00C04F79EFBC}") = "LandonAPI", "LandonAPI.csproj", "{D43C5553-0A6E-472E-B4A1-06AE76C97339}"
EndProject
Global
	GlobalSection(SolutionConfigurationPlatforms) = preSolution
		Debug|Any CPU = Debug|Any CPU
		Release|Any CPU = Release|Any CPU
	EndGlobalSection
	GlobalSection(ProjectConfigurationPlatforms) = postSolution
		{D43C5553-0A6E-472E-B4A1-06AE76C97339}.Debug|Any CPU.ActiveCfg = Debug|Any CPU
		{D43C5553-0A6E-472E-B4A1-06AE76C97339}.Debug|Any CPU.Build.0 = Debug|Any CPU
		{D43C5553-0A6E-472E-B4A1-06AE76C97339}.Release|Any CPU.ActiveCfg = Release|Any CPU
		{D43C5553-0A6E-472E-B4A1-06AE76C97339}.Release|Any CPU.Build.0 = Release|Any CPU
	EndGlobalSection
	GlobalSection(SolutionProperties) = preSolution
		HideSolutionNode = FALSE
	EndGlobalSection
	GlobalSection(ExtensibilityGlobals) = postSolution
		SolutionGuid = {62577DA3-67E7-4D08-BA8D-7E2F8BC0D709}
	EndGlobalSection
EndGlobal
